// !$*UTF8*$!
{
	archiveVersion = 1;
	classes = {
	};
	objectVersion = 56;
	objects = {

/* Begin PBXBuildFile section */
		A13806212A070D0E007FC856 /* iExpenseApp.swift in Sources */ = {isa = PBXBuildFile; fileRef = A13806202A070D0E007FC856 /* iExpenseApp.swift */; };
		A13806232A070D0E007FC856 /* ContentView.swift in Sources */ = {isa = PBXBuildFile; fileRef = A13806222A070D0E007FC856 /* ContentView.swift */; };
		A13806252A070D0F007FC856 /* Assets.xcassets in Resources */ = {isa = PBXBuildFile; fileRef = A13806242A070D0F007FC856 /* Assets.xcassets */; };
		A13806282A070D0F007FC856 /* Preview Assets.xcassets in Resources */ = {isa = PBXBuildFile; fileRef = A13806272A070D0F007FC856 /* Preview Assets.xcassets */; };
		A13806302A070DA5007FC856 /* Motivo para @Station funcionar com Structs.swift in Sources */ = {isa = PBXBuildFile; fileRef = A138062F2A070DA5007FC856 /* Motivo para @Station funcionar com Structs.swift */; };
		A19A84E62A08409400D8C013 /* Compartilhando estados SwiftUi.swift in Sources */ = {isa = PBXBuildFile; fileRef = A19A84E52A08409400D8C013 /* Compartilhando estados SwiftUi.swift */; };
		A19A84E82A08466000D8C013 /* Showing and hidding view.swift in Sources */ = {isa = PBXBuildFile; fileRef = A19A84E72A08466000D8C013 /* Showing and hidding view.swift */; };
		A19A84EA2A093E3200D8C013 /* Deleting items using onDelet.swift in Sources */ = {isa = PBXBuildFile; fileRef = A19A84E92A093E3200D8C013 /* Deleting items using onDelet.swift */; };
		A19A84EC2A0946D800D8C013 /* Amazenamento UserDefaults.swift in Sources */ = {isa = PBXBuildFile; fileRef = A19A84EB2A0946D800D8C013 /* Amazenamento UserDefaults.swift */; };
		A19A84EE2A094BCE00D8C013 /* Codable.swift in Sources */ = {isa = PBXBuildFile; fileRef = A19A84ED2A094BCE00D8C013 /* Codable.swift */; };
		A19A84F02A0957B200D8C013 /* SwiftUIView_um text.swift in Sources */ = {isa = PBXBuildFile; fileRef = A19A84EF2A0957B200D8C013 /* SwiftUIView_um text.swift */; };
		A19A84F22A0959CF00D8C013 /* ExpenseItem.swift in Sources */ = {isa = PBXBuildFile; fileRef = A19A84F12A0959CF00D8C013 /* ExpenseItem.swift */; };
		A19A84F42A095AEC00D8C013 /* Expenses.swift in Sources */ = {isa = PBXBuildFile; fileRef = A19A84F32A095AEC00D8C013 /* Expenses.swift */; };
		A19A84F62A0967B600D8C013 /* AddView.swift in Sources */ = {isa = PBXBuildFile; fileRef = A19A84F52A0967B600D8C013 /* AddView.swift */; };
/* End PBXBuildFile section */

/* Begin PBXFileReference section */
		A138061D2A070D0E007FC856 /* iExpense.app */ = {isa = PBXFileReference; explicitFileType = wrapper.application; includeInIndex = 0; path = iExpense.app; sourceTree = BUILT_PRODUCTS_DIR; };
		A13806202A070D0E007FC856 /* iExpenseApp.swift */ = {isa = PBXFileReference; lastKnownFileType = sourcecode.swift; path = iExpenseApp.swift; sourceTree = "<group>"; };
		A13806222A070D0E007FC856 /* ContentView.swift */ = {isa = PBXFileReference; lastKnownFileType = sourcecode.swift; name = ContentView.swift; path = "Tecnicas para este projeto/ContentView.swift"; sourceTree = "<group>"; };
		A13806242A070D0F007FC856 /* Assets.xcassets */ = {isa = PBXFileReference; lastKnownFileType = folder.assetcatalog; path = Assets.xcassets; sourceTree = "<group>"; };
		A13806272A070D0F007FC856 /* Preview Assets.xcassets */ = {isa = PBXFileReference; lastKnownFileType = folder.assetcatalog; path = "Preview Assets.xcassets"; sourceTree = "<group>"; };
		A138062F2A070DA5007FC856 /* Motivo para @Station funcionar com Structs.swift */ = {isa = PBXFileReference; lastKnownFileType = sourcecode.swift; path = "Motivo para @Station funcionar com Structs.swift"; sourceTree = "<group>"; };
		A19A84E52A08409400D8C013 /* Compartilhando estados SwiftUi.swift */ = {isa = PBXFileReference; lastKnownFileType = sourcecode.swift; path = "Compartilhando estados SwiftUi.swift"; sourceTree = "<group>"; };
		A19A84E72A08466000D8C013 /* Showing and hidding view.swift */ = {isa = PBXFileReference; lastKnownFileType = sourcecode.swift; path = "Showing and hidding view.swift"; sourceTree = "<group>"; };
		A19A84E92A093E3200D8C013 /* Deleting items using onDelet.swift */ = {isa = PBXFileReference; lastKnownFileType = sourcecode.swift; path = "Deleting items using onDelet.swift"; sourceTree = "<group>"; };
		A19A84EB2A0946D800D8C013 /* Amazenamento UserDefaults.swift */ = {isa = PBXFileReference; lastKnownFileType = sourcecode.swift; path = "Amazenamento UserDefaults.swift"; sourceTree = "<group>"; };
		A19A84ED2A094BCE00D8C013 /* Codable.swift */ = {isa = PBXFileReference; lastKnownFileType = sourcecode.swift; path = Codable.swift; sourceTree = "<group>"; };
		A19A84EF2A0957B200D8C013 /* SwiftUIView_um text.swift */ = {isa = PBXFileReference; lastKnownFileType = sourcecode.swift; path = "SwiftUIView_um text.swift"; sourceTree = "<group>"; };
		A19A84F12A0959CF00D8C013 /* ExpenseItem.swift */ = {isa = PBXFileReference; lastKnownFileType = sourcecode.swift; path = ExpenseItem.swift; sourceTree = "<group>"; };
		A19A84F32A095AEC00D8C013 /* Expenses.swift */ = {isa = PBXFileReference; lastKnownFileType = sourcecode.swift; path = Expenses.swift; sourceTree = "<group>"; };
		A19A84F52A0967B600D8C013 /* AddView.swift */ = {isa = PBXFileReference; lastKnownFileType = sourcecode.swift; path = AddView.swift; sourceTree = "<group>"; };
/* End PBXFileReference section */

/* Begin PBXFrameworksBuildPhase section */
		A138061A2A070D0E007FC856 /* Frameworks */ = {
			isa = PBXFrameworksBuildPhase;
			buildActionMask = 2147483647;
			files = (
			);
			runOnlyForDeploymentPostprocessing = 0;
		};
/* End PBXFrameworksBuildPhase section */

/* Begin PBXGroup section */
		A13806142A070D0E007FC856 = {
			isa = PBXGroup;
			children = (
				A138061F2A070D0E007FC856 /* iExpense */,
				A138061E2A070D0E007FC856 /* Products */,
			);
			sourceTree = "<group>";
		};
		A138061E2A070D0E007FC856 /* Products */ = {
			isa = PBXGroup;
			children = (
				A138061D2A070D0E007FC856 /* iExpense.app */,
			);
			name = Products;
			sourceTree = "<group>";
		};
		A138061F2A070D0E007FC856 /* iExpense */ = {
			isa = PBXGroup;
			children = (
				A13806202A070D0E007FC856 /* iExpenseApp.swift */,
				A13806222A070D0E007FC856 /* ContentView.swift */,
				A19A84F52A0967B600D8C013 /* AddView.swift */,
				A19A84F32A095AEC00D8C013 /* Expenses.swift */,
				A19A84F12A0959CF00D8C013 /* ExpenseItem.swift */,
				A13806242A070D0F007FC856 /* Assets.xcassets */,
				A13806262A070D0F007FC856 /* Preview Content */,
				A138062E2A070D53007FC856 /* Tecnicas para este projeto */,
			);
			path = iExpense;
			sourceTree = "<group>";
		};
		A13806262A070D0F007FC856 /* Preview Content */ = {
			isa = PBXGroup;
			children = (
				A13806272A070D0F007FC856 /* Preview Assets.xcassets */,
			);
			path = "Preview Content";
			sourceTree = "<group>";
		};
		A138062E2A070D53007FC856 /* Tecnicas para este projeto */ = {
			isa = PBXGroup;
			children = (
				A138062F2A070DA5007FC856 /* Motivo para @Station funcionar com Structs.swift */,
				A19A84E52A08409400D8C013 /* Compartilhando estados SwiftUi.swift */,
				A19A84E72A08466000D8C013 /* Showing and hidding view.swift */,
				A19A84E92A093E3200D8C013 /* Deleting items using onDelet.swift */,
				A19A84EB2A0946D800D8C013 /* Amazenamento UserDefaults.swift */,
				A19A84ED2A094BCE00D8C013 /* Codable.swift */,
				A19A84EF2A0957B200D8C013 /* SwiftUIView_um text.swift */,
			);
			path = "Tecnicas para este projeto";
			sourceTree = "<group>";
		};
/* End PBXGroup section */

/* Begin PBXNativeTarget section */
		A138061C2A070D0E007FC856 /* iExpense */ = {
			isa = PBXNativeTarget;
			buildConfigurationList = A138062B2A070D0F007FC856 /* Build configuration list for PBXNativeTarget "iExpense" */;
			buildPhases = (
				A13806192A070D0E007FC856 /* Sources */,
				A138061A2A070D0E007FC856 /* Frameworks */,
				A138061B2A070D0E007FC856 /* Resources */,
			);
			buildRules = (
			);
			dependencies = (
			);
			name = iExpense;
			productName = iExpense;
			productReference = A138061D2A070D0E007FC856 /* iExpense.app */;
			productType = "com.apple.product-type.application";
		};
/* End PBXNativeTarget section */

/* Begin PBXProject section */
		A13806152A070D0E007FC856 /* Project object */ = {
			isa = PBXProject;
			attributes = {
				BuildIndependentTargetsInParallel = 1;
				LastSwiftUpdateCheck = 1430;
				LastUpgradeCheck = 1430;
				TargetAttributes = {
					A138061C2A070D0E007FC856 = {
						CreatedOnToolsVersion = 14.3;
					};
				};
			};
			buildConfigurationList = A13806182A070D0E007FC856 /* Build configuration list for PBXProject "iExpense" */;
			compatibilityVersion = "Xcode 14.0";
			developmentRegion = en;
			hasScannedForEncodings = 0;
			knownRegions = (
				en,
				Base,
			);
			mainGroup = A13806142A070D0E007FC856;
			productRefGroup = A138061E2A070D0E007FC856 /* Products */;
			projectDirPath = "";
			projectRoot = "";
			targets = (
				A138061C2A070D0E007FC856 /* iExpense */,
			);
		};
/* End PBXProject section */

/* Begin PBXResourcesBuildPhase section */
		A138061B2A070D0E007FC856 /* Resources */ = {
			isa = PBXResourcesBuildPhase;
			buildActionMask = 2147483647;
			files = (
				A13806282A070D0F007FC856 /* Preview Assets.xcassets in Resources */,
				A13806252A070D0F007FC856 /* Assets.xcassets in Resources */,
			);
			runOnlyForDeploymentPostprocessing = 0;
		};
/* End PBXResourcesBuildPhase section */

/* Begin PBXSourcesBuildPhase section */
		A13806192A070D0E007FC856 /* Sources */ = {
			isa = PBXSourcesBuildPhase;
			buildActionMask = 2147483647;
			files = (
				A19A84F42A095AEC00D8C013 /* Expenses.swift in Sources */,
				A19A84EA2A093E3200D8C013 /* Deleting items using onDelet.swift in Sources */,
				A13806232A070D0E007FC856 /* ContentView.swift in Sources */,
				A19A84EE2A094BCE00D8C013 /* Codable.swift in Sources */,
				A13806302A070DA5007FC856 /* Motivo para @Station funcionar com Structs.swift in Sources */,
				A19A84E82A08466000D8C013 /* Showing and hidding view.swift in Sources */,
				A19A84E62A08409400D8C013 /* Compartilhando estados SwiftUi.swift in Sources */,
				A19A84F02A0957B200D8C013 /* SwiftUIView_um text.swift in Sources */,
				A19A84F62A0967B600D8C013 /* AddView.swift in Sources */,
				A19A84F22A0959CF00D8C013 /* ExpenseItem.swift in Sources */,
				A13806212A070D0E007FC856 /* iExpenseApp.swift in Sources */,
				A19A84EC2A0946D800D8C013 /* Amazenamento UserDefaults.swift in Sources */,
			);
			runOnlyForDeploymentPostprocessing = 0;
		};
/* End PBXSourcesBuildPhase section */

/* Begin XCBuildConfiguration section */
		A13806292A070D0F007FC856 /* Debug */ = {
			isa = XCBuildConfiguration;
			buildSettings = {
				ALWAYS_SEARCH_USER_PATHS = NO;
				CLANG_ANALYZER_NONNULL = YES;
				CLANG_ANALYZER_NUMBER_OBJECT_CONVERSION = YES_AGGRESSIVE;
				CLANG_CXX_LANGUAGE_STANDARD = "gnu++20";
				CLANG_ENABLE_MODULES = YES;
				CLANG_ENABLE_OBJC_ARC = YES;
				CLANG_ENABLE_OBJC_WEAK = YES;
				CLANG_WARN_BLOCK_CAPTURE_AUTORELEASING = YES;
				CLANG_WARN_BOOL_CONVERSION = YES;
				CLANG_WARN_COMMA = YES;
				CLANG_WARN_CONSTANT_CONVERSION = YES;
				CLANG_WARN_DEPRECATED_OBJC_IMPLEMENTATIONS = YES;
				CLANG_WARN_DIRECT_OBJC_ISA_USAGE = YES_ERROR;
				CLANG_WARN_DOCUMENTATION_COMMENTS = YES;
				CLANG_WARN_EMPTY_BODY = YES;
				CLANG_WARN_ENUM_CONVERSION = YES;
				CLANG_WARN_INFINITE_RECURSION = YES;
				CLANG_WARN_INT_CONVERSION = YES;
				CLANG_WARN_NON_LITERAL_NULL_CONVERSION = YES;
				CLANG_WARN_OBJC_IMPLICIT_RETAIN_SELF = YES;
				CLANG_WARN_OBJC_LITERAL_CONVERSION = YES;
				CLANG_WARN_OBJC_ROOT_CLASS = YES_ERROR;
				CLANG_WARN_QUOTED_INCLUDE_IN_FRAMEWORK_HEADER = YES;
				CLANG_WARN_RANGE_LOOP_ANALYSIS = YES;
				CLANG_WARN_STRICT_PROTOTYPES = YES;
				CLANG_WARN_SUSPICIOUS_MOVE = YES;
				CLANG_WARN_UNGUARDED_AVAILABILITY = YES_AGGRESSIVE;
				CLANG_WARN_UNREACHABLE_CODE = YES;
				CLANG_WARN__DUPLICATE_METHOD_MATCH = YES;
				COPY_PHASE_STRIP = NO;
				DEBUG_INFORMATION_FORMAT = dwarf;
				ENABLE_STRICT_OBJC_MSGSEND = YES;
				ENABLE_TESTABILITY = YES;
				GCC_C_LANGUAGE_STANDARD = gnu11;
				GCC_DYNAMIC_NO_PIC = NO;
				GCC_NO_COMMON_BLOCKS = YES;
				GCC_OPTIMIZATION_LEVEL = 0;
				GCC_PREPROCESSOR_DEFINITIONS = (
					"DEBUG=1",
					"$(inherited)",
				);
				GCC_WARN_64_TO_32_BIT_CONVERSION = YES;
				GCC_WARN_ABOUT_RETURN_TYPE = YES_ERROR;
				GCC_WARN_UNDECLARED_SELECTOR = YES;
				GCC_WARN_UNINITIALIZED_AUTOS = YES_AGGRESSIVE;
				GCC_WARN_UNUSED_FUNCTION = YES;
				GCC_WARN_UNUSED_VARIABLE = YES;
				IPHONEOS_DEPLOYMENT_TARGET = 16.4;
				MTL_ENABLE_DEBUG_INFO = INCLUDE_SOURCE;
				MTL_FAST_MATH = YES;
				ONLY_ACTIVE_ARCH = YES;
				SDKROOT = iphoneos;
				SWIFT_ACTIVE_COMPILATION_CONDITIONS = DEBUG;
				SWIFT_OPTIMIZATION_LEVEL = "-Onone";
			};
			name = Debug;
		};
		A138062A2A070D0F007FC856 /* Release */ = {
			isa = XCBuildConfiguration;
			buildSettings = {
				ALWAYS_SEARCH_USER_PATHS = NO;
				CLANG_ANALYZER_NONNULL = YES;
				CLANG_ANALYZER_NUMBER_OBJECT_CONVERSION = YES_AGGRESSIVE;
				CLANG_CXX_LANGUAGE_STANDARD = "gnu++20";
				CLANG_ENABLE_MODULES = YES;
				CLANG_ENABLE_OBJC_ARC = YES;
				CLANG_ENABLE_OBJC_WEAK = YES;
				CLANG_WARN_BLOCK_CAPTURE_AUTORELEASING = YES;
				CLANG_WARN_BOOL_CONVERSION = YES;
				CLANG_WARN_COMMA = YES;
				CLANG_WARN_CONSTANT_CONVERSION = YES;
				CLANG_WARN_DEPRECATED_OBJC_IMPLEMENTATIONS = YES;
				CLANG_WARN_DIRECT_OBJC_ISA_USAGE = YES_ERROR;
				CLANG_WARN_DOCUMENTATION_COMMENTS = YES;
				CLANG_WARN_EMPTY_BODY = YES;
				CLANG_WARN_ENUM_CONVERSION = YES;
				CLANG_WARN_INFINITE_RECURSION = YES;
				CLANG_WARN_INT_CONVERSION = YES;
				CLANG_WARN_NON_LITERAL_NULL_CONVERSION = YES;
				CLANG_WARN_OBJC_IMPLICIT_RETAIN_SELF = YES;
				CLANG_WARN_OBJC_LITERAL_CONVERSION = YES;
				CLANG_WARN_OBJC_ROOT_CLASS = YES_ERROR;
				CLANG_WARN_QUOTED_INCLUDE_IN_FRAMEWORK_HEADER = YES;
				CLANG_WARN_RANGE_LOOP_ANALYSIS = YES;
				CLANG_WARN_STRICT_PROTOTYPES = YES;
				CLANG_WARN_SUSPICIOUS_MOVE = YES;
				CLANG_WARN_UNGUARDED_AVAILABILITY = YES_AGGRESSIVE;
				CLANG_WARN_UNREACHABLE_CODE = YES;
				CLANG_WARN__DUPLICATE_METHOD_MATCH = YES;
				COPY_PHASE_STRIP = NO;
				DEBUG_INFORMATION_FORMAT = "dwarf-with-dsym";
				ENABLE_NS_ASSERTIONS = NO;
				ENABLE_STRICT_OBJC_MSGSEND = YES;
				GCC_C_LANGUAGE_STANDARD = gnu11;
				GCC_NO_COMMON_BLOCKS = YES;
				GCC_WARN_64_TO_32_BIT_CONVERSION = YES;
				GCC_WARN_ABOUT_RETURN_TYPE = YES_ERROR;
				GCC_WARN_UNDECLARED_SELECTOR = YES;
				GCC_WARN_UNINITIALIZED_AUTOS = YES_AGGRESSIVE;
				GCC_WARN_UNUSED_FUNCTION = YES;
				GCC_WARN_UNUSED_VARIABLE = YES;
				IPHONEOS_DEPLOYMENT_TARGET = 16.4;
				MTL_ENABLE_DEBUG_INFO = NO;
				MTL_FAST_MATH = YES;
				SDKROOT = iphoneos;
				SWIFT_COMPILATION_MODE = wholemodule;
				SWIFT_OPTIMIZATION_LEVEL = "-O";
				VALIDATE_PRODUCT = YES;
			};
			name = Release;
		};
		A138062C2A070D0F007FC856 /* Debug */ = {
			isa = XCBuildConfiguration;
			buildSettings = {
				ASSETCATALOG_COMPILER_APPICON_NAME = AppIcon;
				ASSETCATALOG_COMPILER_GLOBAL_ACCENT_COLOR_NAME = AccentColor;
				CODE_SIGN_IDENTITY = "Apple Development";
				CODE_SIGN_STYLE = Automatic;
				CURRENT_PROJECT_VERSION = 1;
				DEVELOPMENT_ASSET_PATHS = "\"iExpense/Preview Content\"";
				DEVELOPMENT_TEAM = M97VKM9KFS;
				ENABLE_PREVIEWS = YES;
				GENERATE_INFOPLIST_FILE = YES;
				INFOPLIST_KEY_UIApplicationSceneManifest_Generation = YES;
				INFOPLIST_KEY_UIApplicationSupportsIndirectInputEvents = YES;
				INFOPLIST_KEY_UILaunchScreen_Generation = YES;
				INFOPLIST_KEY_UISupportedInterfaceOrientations_iPad = "UIInterfaceOrientationPortrait UIInterfaceOrientationPortraitUpsideDown UIInterfaceOrientationLandscapeLeft UIInterfaceOrientationLandscapeRight";
				INFOPLIST_KEY_UISupportedInterfaceOrientations_iPhone = "UIInterfaceOrientationPortrait UIInterfaceOrientationLandscapeLeft UIInterfaceOrientationLandscapeRight";
				LD_RUNPATH_SEARCH_PATHS = (
					"$(inherited)",
					"@executable_path/Frameworks",
				);
				MARKETING_VERSION = 1.0;
				PRODUCT_BUNDLE_IDENTIFIER = "romaoboris-gmail.com.iExpense";
				PRODUCT_NAME = "$(TARGET_NAME)";
				PROVISIONING_PROFILE_SPECIFIER = "";
				SWIFT_EMIT_LOC_STRINGS = YES;
				SWIFT_VERSION = 5.0;
				TARGETED_DEVICE_FAMILY = "1,2";
			};
			name = Debug;
		};
		A138062D2A070D0F007FC856 /* Release */ = {
			isa = XCBuildConfiguration;
			buildSettings = {
				ASSETCATALOG_COMPILER_APPICON_NAME = AppIcon;
				ASSETCATALOG_COMPILER_GLOBAL_ACCENT_COLOR_NAME = AccentColor;
				CODE_SIGN_IDENTITY = "Apple Development";
				CODE_SIGN_STYLE = Automatic;
				CURRENT_PROJECT_VERSION = 1;
				DEVELOPMENT_ASSET_PATHS = "\"iExpense/Preview Content\"";
				DEVELOPMENT_TEAM = M97VKM9KFS;
				ENABLE_PREVIEWS = YES;
				GENERATE_INFOPLIST_FILE = YES;
				INFOPLIST_KEY_UIApplicationSceneManifest_Generation = YES;
				INFOPLIST_KEY_UIApplicationSupportsIndirectInputEvents = YES;
				INFOPLIST_KEY_UILaunchScreen_Generation = YES;
				INFOPLIST_KEY_UISupportedInterfaceOrientations_iPad = "UIInterfaceOrientationPortrait UIInterfaceOrientationPortraitUpsideDown UIInterfaceOrientationLandscapeLeft UIInterfaceOrientationLandscapeRight";
				INFOPLIST_KEY_UISupportedInterfaceOrientations_iPhone = "UIInterfaceOrientationPortrait UIInterfaceOrientationLandscapeLeft UIInterfaceOrientationLandscapeRight";
				LD_RUNPATH_SEARCH_PATHS = (
					"$(inherited)",
					"@executable_path/Frameworks",
				);
				MARKETING_VERSION = 1.0;
				PRODUCT_BUNDLE_IDENTIFIER = "romaoboris-gmail.com.iExpense";
				PRODUCT_NAME = "$(TARGET_NAME)";
				PROVISIONING_PROFILE_SPECIFIER = "";
				SWIFT_EMIT_LOC_STRINGS = YES;
				SWIFT_VERSION = 5.0;
				TARGETED_DEVICE_FAMILY = "1,2";
			};
			name = Release;
		};
/* End XCBuildConfiguration section */

/* Begin XCConfigurationList section */
		A13806182A070D0E007FC856 /* Build configuration list for PBXProject "iExpense" */ = {
			isa = XCConfigurationList;
			buildConfigurations = (
				A13806292A070D0F007FC856 /* Debug */,
				A138062A2A070D0F007FC856 /* Release */,
			);
			defaultConfigurationIsVisible = 0;
			defaultConfigurationName = Release;
		};
		A138062B2A070D0F007FC856 /* Build configuration list for PBXNativeTarget "iExpense" */ = {
			isa = XCConfigurationList;
			buildConfigurations = (
				A138062C2A070D0F007FC856 /* Debug */,
				A138062D2A070D0F007FC856 /* Release */,
			);
			defaultConfigurationIsVisible = 0;
			defaultConfigurationName = Release;
		};
/* End XCConfigurationList section */
	};
	rootObject = A13806152A070D0E007FC856 /* Project object */;
}
